
Microsoft Visual Studio Solution File, Format Version 12.00
# Visual Studio 15
VisualStudioVersion = 15.0.28307.1300
MinimumVisualStudioVersion = 10.0.40219.1
Project("{FAE04EC0-301F-11D3-BF4B-00C04F79EFBC}") = "Assembly-CSharp", "Assembly-CSharp.csproj", "{F30407D4-B18A-CCDE-3033-C8D72AF74650}"
EndProject
Project("{8BC9CEB8-8B4A-11D0-8D11-00A0C91BC942}") = "UnityCppServerConsole", "Server\Projects\UnityCppServerConsole\UnityCppServerConsole.vcxproj", "{BAD923B8-CCB0-48E9-897F-22C9529DD5FB}"
EndProject
Global
	GlobalSection(SolutionConfigurationPlatforms) = preSolution
		Debug|Any CPU = Debug|Any CPU
		Debug|x64 = Debug|x64
		Release|Any CPU = Release|Any CPU
		Release|x64 = Release|x64
	EndGlobalSection
	GlobalSection(ProjectConfigurationPlatforms) = postSolution
		{F30407D4-B18A-CCDE-3033-C8D72AF74650}.Debug|Any CPU.ActiveCfg = Debug|Any CPU
		{F30407D4-B18A-CCDE-3033-C8D72AF74650}.Debug|Any CPU.Build.0 = Debug|Any CPU
		{F30407D4-B18A-CCDE-3033-C8D72AF74650}.Debug|x64.ActiveCfg = Debug|Any CPU
		{F30407D4-B18A-CCDE-3033-C8D72AF74650}.Debug|x64.Build.0 = Debug|Any CPU
		{F30407D4-B18A-CCDE-3033-C8D72AF74650}.Release|Any CPU.ActiveCfg = Release|Any CPU
		{F30407D4-B18A-CCDE-3033-C8D72AF74650}.Release|Any CPU.Build.0 = Release|Any CPU
		{F30407D4-B18A-CCDE-3033-C8D72AF74650}.Release|x64.ActiveCfg = Release|Any CPU
		{F30407D4-B18A-CCDE-3033-C8D72AF74650}.Release|x64.Build.0 = Release|Any CPU
		{BAD923B8-CCB0-48E9-897F-22C9529DD5FB}.Debug|Any CPU.ActiveCfg = Debug|x64
		{BAD923B8-CCB0-48E9-897F-22C9529DD5FB}.Debug|x64.ActiveCfg = Debug|x64
		{BAD923B8-CCB0-48E9-897F-22C9529DD5FB}.Debug|x64.Build.0 = Debug|x64
		{BAD923B8-CCB0-48E9-897F-22C9529DD5FB}.Release|Any CPU.ActiveCfg = Release|x64
		{BAD923B8-CCB0-48E9-897F-22C9529DD5FB}.Release|x64.ActiveCfg = Release|x64
		{BAD923B8-CCB0-48E9-897F-22C9529DD5FB}.Release|x64.Build.0 = Release|x64
	EndGlobalSection
	GlobalSection(SolutionProperties) = preSolution
		HideSolutionNode = FALSE
	EndGlobalSection
	GlobalSection(ExtensibilityGlobals) = postSolution
		SolutionGuid = {23D76FA5-79D7-4FC4-9C91-64F338772F6C}
	EndGlobalSection
EndGlobal
