<?xml version="1.0" encoding="utf-8"?>
<Project ToolsVersion="4.0" xmlns="http://schemas.microsoft.com/developer/msbuild/2003">
  <ItemGroup>
    <ClCompile Include="Server.cpp" />
    <ClCompile Include="Main.cpp" />
    <ClCompile Include="Network\IOCP\IOCPManager.cpp" />
    <ClCompile Include="Time\Timer.cpp" />
    <ClCompile Include="Synchronize\CriticalSection.cpp" />
    <ClCompile Include="Network\Network.cpp" />
    <ClCompile Include="IO\OStream.cpp" />
    <ClCompile Include="Standard\Log.cpp" />
    <ClCompile Include="Standard\Protocol.cpp" />
    <ClCompile Include="Session\Session.cpp" />
    <ClCompile Include="Session\SessionManager.cpp" />
    <ClCompile Include="Packet\Packet.cpp" />
    <ClCompile Include="Packet\PacketManager.cpp" />
    <ClCompile Include="Packet\StreamPacket.cpp" />
    <ClCompile Include="Network\Acceptor.cpp" />
  </ItemGroup>
  <ItemGroup>
    <ClInclude Include="Server.h" />
    <ClInclude Include="Network\IOCP\IOCPManager.h" />
    <ClInclude Include="Network\Network.h" />
    <ClInclude Include="IO\OStream.h" />
    <ClInclude Include="Time\Timer.h" />
    <ClInclude Include="Synchronize\CriticalSection.h" />
    <ClInclude Include="Standard\Header.h" />
    <ClInclude Include="Standard\Log.h" />
    <ClInclude Include="Standard\Protocol.h" />
    <ClInclude Include="Standard\Singleton.hpp" />
    <ClInclude Include="Session\Session.h" />
    <ClInclude Include="Session\SessionManager.h" />
    <ClInclude Include="Packet\Packet.h" />
    <ClInclude Include="Packet\PacketManager.h" />
    <ClInclude Include="Packet\StreamPacket.h" />
    <ClInclude Include="Global\GlobalFunc.hpp" />
    <ClInclude Include="Global\GlobalVariable.h" />
    <ClInclude Include="Network\Acceptor.h" />
  </ItemGroup>
</Project>